// !$*UTF8*$!
{
	archiveVersion = 1;
	classes = {
	};
	objectVersion = 46;
	objects = {

/* Begin PBXBuildFile section */
		D457117C17053EFA00EA19A8 /* Makefile in Sources */ = {isa = PBXBuildFile; fileRef = D457117B17053EFA00EA19A8 /* Makefile */; };
		D48F5A56172CB1FA00D0E055 /* canonical_machine.cpp in Sources */ = {isa = PBXBuildFile; fileRef = D48F5A40172CB1F900D0E055 /* canonical_machine.cpp */; };
		D48F5A57172CB1FA00D0E055 /* config_app.cpp in Sources */ = {isa = PBXBuildFile; fileRef = D48F5A41172CB1F900D0E055 /* config_app.cpp */; };
		D48F5A58172CB1FA00D0E055 /* config.cpp in Sources */ = {isa = PBXBuildFile; fileRef = D48F5A42172CB1F900D0E055 /* config.cpp */; };
		D48F5A59172CB1FA00D0E055 /* controller.cpp in Sources */ = {isa = PBXBuildFile; fileRef = D48F5A43172CB1F900D0E055 /* controller.cpp */; };
		D48F5A5A172CB1FA00D0E055 /* cycle_homing.cpp in Sources */ = {isa = PBXBuildFile; fileRef = D48F5A44172CB1F900D0E055 /* cycle_homing.cpp */; };
		D48F5A5B172CB1FA00D0E055 /* gcode_parser.cpp in Sources */ = {isa = PBXBuildFile; fileRef = D48F5A45172CB1F900D0E055 /* gcode_parser.cpp */; };
		D48F5A5D172CB1FA00D0E055 /* hardware.cpp in Sources */ = {isa = PBXBuildFile; fileRef = D48F5A47172CB1F900D0E055 /* hardware.cpp */; };
		D48F5A5E172CB1FA00D0E055 /* help.cpp in Sources */ = {isa = PBXBuildFile; fileRef = D48F5A48172CB1FA00D0E055 /* help.cpp */; };
		D48F5A5F172CB1FA00D0E055 /* json_parser.cpp in Sources */ = {isa = PBXBuildFile; fileRef = D48F5A49172CB1FA00D0E055 /* json_parser.cpp */; };
		D48F5A60172CB1FA00D0E055 /* kinematics.cpp in Sources */ = {isa = PBXBuildFile; fileRef = D48F5A4A172CB1FA00D0E055 /* kinematics.cpp */; };
		D48F5A61172CB1FA00D0E055 /* main.cpp in Sources */ = {isa = PBXBuildFile; fileRef = D48F5A4B172CB1FA00D0E055 /* main.cpp */; };
		D48F5A62172CB1FA00D0E055 /* persistence.cpp in Sources */ = {isa = PBXBuildFile; fileRef = D48F5A4C172CB1FA00D0E055 /* persistence.cpp */; };
		D48F5A63172CB1FA00D0E055 /* plan_arc.cpp in Sources */ = {isa = PBXBuildFile; fileRef = D48F5A4D172CB1FA00D0E055 /* plan_arc.cpp */; };
		D48F5A64172CB1FA00D0E055 /* plan_line.cpp in Sources */ = {isa = PBXBuildFile; fileRef = D48F5A4E172CB1FA00D0E055 /* plan_line.cpp */; };
		D48F5A65172CB1FA00D0E055 /* planner.cpp in Sources */ = {isa = PBXBuildFile; fileRef = D48F5A4F172CB1FA00D0E055 /* planner.cpp */; };
		D48F5A66172CB1FA00D0E055 /* report.cpp in Sources */ = {isa = PBXBuildFile; fileRef = D48F5A50172CB1FA00D0E055 /* report.cpp */; };
		D48F5A67172CB1FA00D0E055 /* spindle.cpp in Sources */ = {isa = PBXBuildFile; fileRef = D48F5A51172CB1FA00D0E055 /* spindle.cpp */; };
		D48F5A68172CB1FA00D0E055 /* stepper.cpp in Sources */ = {isa = PBXBuildFile; fileRef = D48F5A52172CB1FA00D0E055 /* stepper.cpp */; };
		D48F5A69172CB1FA00D0E055 /* text_parser.cpp in Sources */ = {isa = PBXBuildFile; fileRef = D48F5A53172CB1FA00D0E055 /* text_parser.cpp */; };
		D48F5A6A172CB1FA00D0E055 /* util.cpp in Sources */ = {isa = PBXBuildFile; fileRef = D48F5A54172CB1FA00D0E055 /* util.cpp */; };
		D48F5A6B172CB1FA00D0E055 /* xio.cpp in Sources */ = {isa = PBXBuildFile; fileRef = D48F5A55172CB1FA00D0E055 /* xio.cpp */; };
		D49367D91B87CA8A000BB759 /* temperature.cpp in Sources */ = {isa = PBXBuildFile; fileRef = D49367D71B87CA8A000BB759 /* temperature.cpp */; };
		D4B485B61AB1FBC900C6614F /* gpio.h in Sources */ = {isa = PBXBuildFile; fileRef = D4B93DF01AAA9DFE00632FAB /* gpio.h */; };
		D4B6579D18B5C1DE00F8616C /* plan_exec.cpp in Sources */ = {isa = PBXBuildFile; fileRef = D4B6579C18B5C1DE00F8616C /* plan_exec.cpp */; };
		D4B657A218B5C21600F8616C /* cycle_jogging.cpp in Sources */ = {isa = PBXBuildFile; fileRef = D4B6579E18B5C21500F8616C /* cycle_jogging.cpp */; };
		D4B657A318B5C21600F8616C /* cycle_probing.cpp in Sources */ = {isa = PBXBuildFile; fileRef = D4B6579F18B5C21500F8616C /* cycle_probing.cpp */; };
		D4B657A418B5C21600F8616C /* encoder.cpp in Sources */ = {isa = PBXBuildFile; fileRef = D4B657A018B5C21500F8616C /* encoder.cpp */; };
		D4B657A718B5C23C00F8616C /* pwm.cpp in Sources */ = {isa = PBXBuildFile; fileRef = D4B657A518B5C23C00F8616C /* pwm.cpp */; };
		D4B93DF11AAA9DFE00632FAB /* gpio.cpp in Sources */ = {isa = PBXBuildFile; fileRef = D4B93DEF1AAA9DFE00632FAB /* gpio.cpp */; };
		D4D6453919BCAE3F0053705B /* plan_zoid.cpp in Sources */ = {isa = PBXBuildFile; fileRef = D4D6453819BCAE3F0053705B /* plan_zoid.cpp */; };
/* End PBXBuildFile section */

/* Begin PBXCopyFilesBuildPhase section */
		D457112217053BFB00EA19A8 /* CopyFiles */ = {
			isa = PBXCopyFilesBuildPhase;
			buildActionMask = 2147483647;
			dstPath = /usr/share/man/man1/;
			dstSubfolderSpec = 0;
			files = (
			);
			runOnlyForDeploymentPostprocessing = 1;
		};
/* End PBXCopyFilesBuildPhase section */

/* Begin PBXFileReference section */
		D40A24131AD5B7C200406A3A /* motate_pin_assignments.h */ = {isa = PBXFileReference; fileEncoding = 4; lastKnownFileType = sourcecode.c.h; path = motate_pin_assignments.h; sourceTree = "<group>"; };
		D40A24141AD5B7C200406A3A /* sbv300-pinout.h */ = {isa = PBXFileReference; fileEncoding = 4; lastKnownFileType = sourcecode.c.h; path = "sbv300-pinout.h"; sourceTree = "<group>"; };
		D40A241D1AD5B9A600406A3A /* gShield-pinout.h */ = {isa = PBXFileReference; fileEncoding = 4; lastKnownFileType = sourcecode.c.h; path = "gShield-pinout.h"; sourceTree = "<group>"; };
		D40A241E1AD5B9A600406A3A /* motate_pin_assignments.h */ = {isa = PBXFileReference; fileEncoding = 4; lastKnownFileType = sourcecode.c.h; path = motate_pin_assignments.h; sourceTree = "<group>"; };
		D40A241F1AD5B9A600406A3A /* shopbotShield-pinout.h */ = {isa = PBXFileReference; fileEncoding = 4; lastKnownFileType = sourcecode.c.h; path = "shopbotShield-pinout.h"; sourceTree = "<group>"; };
		D40A24201AD5B9A600406A3A /* ArduinoDue.gdb */ = {isa = PBXFileReference; fileEncoding = 4; lastKnownFileType = text; path = ArduinoDue.gdb; sourceTree = "<group>"; };
		D40A24211AD5B9A600406A3A /* ArduinoDue.mk */ = {isa = PBXFileReference; fileEncoding = 4; lastKnownFileType = text; path = ArduinoDue.mk; sourceTree = "<group>"; };
		D41D13F717374B7D00D522D9 /* settings_default.h */ = {isa = PBXFileReference; fileEncoding = 4; lastKnownFileType = sourcecode.c.h; path = settings_default.h; sourceTree = "<group>"; };
		D41D13FD17374B7D00D522D9 /* settings_probotixV90.h */ = {isa = PBXFileReference; fileEncoding = 4; lastKnownFileType = sourcecode.c.h; path = settings_probotixV90.h; sourceTree = "<group>"; };
		D41D13FF17374B7D00D522D9 /* settings_Ultimaker.h */ = {isa = PBXFileReference; fileEncoding = 4; lastKnownFileType = sourcecode.c.h; path = settings_Ultimaker.h; sourceTree = "<group>"; };
		D41D140017374B7D00D522D9 /* settings_zen7x12.h */ = {isa = PBXFileReference; fileEncoding = 4; lastKnownFileType = sourcecode.c.h; path = settings_zen7x12.h; sourceTree = "<group>"; };
		D43C7AE71B155D0A007440D6 /* G2v9 */ = {isa = PBXFileReference; lastKnownFileType = folder; path = G2v9; sourceTree = "<group>"; };
		D4522DC41C455F660086AAE6 /* motate_pin_assignments.h */ = {isa = PBXFileReference; fileEncoding = 4; lastKnownFileType = sourcecode.c.h; path = motate_pin_assignments.h; sourceTree = "<group>"; };
		D4522DC51C455F660086AAE6 /* pboard-a-pinout.h */ = {isa = PBXFileReference; fileEncoding = 4; lastKnownFileType = sourcecode.c.h; path = "pboard-a-pinout.h"; sourceTree = "<group>"; };
		D4522DC61C455F660086AAE6 /* pboard.gdb */ = {isa = PBXFileReference; fileEncoding = 4; lastKnownFileType = text; path = pboard.gdb; sourceTree = "<group>"; };
		D4522DC71C455F660086AAE6 /* pboard.mk */ = {isa = PBXFileReference; fileEncoding = 4; lastKnownFileType = text; path = pboard.mk; sourceTree = "<group>"; };
		D457117B17053EFA00EA19A8 /* Makefile */ = {isa = PBXFileReference; explicitFileType = sourcecode.make; fileEncoding = 4; path = Makefile; sourceTree = "<group>"; usesTabs = 1; xcLanguageSpecificationIdentifier = xcode.lang.sh; };
		D48F5A40172CB1F900D0E055 /* canonical_machine.cpp */ = {isa = PBXFileReference; fileEncoding = 4; lastKnownFileType = sourcecode.cpp.cpp; path = canonical_machine.cpp; sourceTree = "<group>"; };
		D48F5A41172CB1F900D0E055 /* config_app.cpp */ = {isa = PBXFileReference; fileEncoding = 4; lastKnownFileType = sourcecode.cpp.cpp; path = config_app.cpp; sourceTree = "<group>"; };
		D48F5A42172CB1F900D0E055 /* config.cpp */ = {isa = PBXFileReference; fileEncoding = 4; lastKnownFileType = sourcecode.cpp.cpp; path = config.cpp; sourceTree = "<group>"; };
		D48F5A43172CB1F900D0E055 /* controller.cpp */ = {isa = PBXFileReference; fileEncoding = 4; lastKnownFileType = sourcecode.cpp.cpp; path = controller.cpp; sourceTree = "<group>"; };
		D48F5A44172CB1F900D0E055 /* cycle_homing.cpp */ = {isa = PBXFileReference; fileEncoding = 4; lastKnownFileType = sourcecode.cpp.cpp; path = cycle_homing.cpp; sourceTree = "<group>"; };
		D48F5A45172CB1F900D0E055 /* gcode_parser.cpp */ = {isa = PBXFileReference; fileEncoding = 4; lastKnownFileType = sourcecode.cpp.cpp; path = gcode_parser.cpp; sourceTree = "<group>"; };
		D48F5A47172CB1F900D0E055 /* hardware.cpp */ = {isa = PBXFileReference; fileEncoding = 4; lastKnownFileType = sourcecode.cpp.cpp; path = hardware.cpp; sourceTree = "<group>"; };
		D48F5A48172CB1FA00D0E055 /* help.cpp */ = {isa = PBXFileReference; fileEncoding = 4; lastKnownFileType = sourcecode.cpp.cpp; path = help.cpp; sourceTree = "<group>"; };
		D48F5A49172CB1FA00D0E055 /* json_parser.cpp */ = {isa = PBXFileReference; fileEncoding = 4; lastKnownFileType = sourcecode.cpp.cpp; path = json_parser.cpp; sourceTree = "<group>"; };
		D48F5A4A172CB1FA00D0E055 /* kinematics.cpp */ = {isa = PBXFileReference; fileEncoding = 4; lastKnownFileType = sourcecode.cpp.cpp; path = kinematics.cpp; sourceTree = "<group>"; };
		D48F5A4B172CB1FA00D0E055 /* main.cpp */ = {isa = PBXFileReference; fileEncoding = 4; lastKnownFileType = sourcecode.cpp.cpp; path = main.cpp; sourceTree = "<group>"; };
		D48F5A4C172CB1FA00D0E055 /* persistence.cpp */ = {isa = PBXFileReference; fileEncoding = 4; lastKnownFileType = sourcecode.cpp.cpp; path = persistence.cpp; sourceTree = "<group>"; };
		D48F5A4D172CB1FA00D0E055 /* plan_arc.cpp */ = {isa = PBXFileReference; fileEncoding = 4; lastKnownFileType = sourcecode.cpp.cpp; path = plan_arc.cpp; sourceTree = "<group>"; };
		D48F5A4E172CB1FA00D0E055 /* plan_line.cpp */ = {isa = PBXFileReference; fileEncoding = 4; lastKnownFileType = sourcecode.cpp.cpp; path = plan_line.cpp; sourceTree = "<group>"; };
		D48F5A4F172CB1FA00D0E055 /* planner.cpp */ = {isa = PBXFileReference; fileEncoding = 4; lastKnownFileType = sourcecode.cpp.cpp; path = planner.cpp; sourceTree = "<group>"; };
		D48F5A50172CB1FA00D0E055 /* report.cpp */ = {isa = PBXFileReference; fileEncoding = 4; lastKnownFileType = sourcecode.cpp.cpp; path = report.cpp; sourceTree = "<group>"; };
		D48F5A51172CB1FA00D0E055 /* spindle.cpp */ = {isa = PBXFileReference; fileEncoding = 4; lastKnownFileType = sourcecode.cpp.cpp; path = spindle.cpp; sourceTree = "<group>"; };
		D48F5A52172CB1FA00D0E055 /* stepper.cpp */ = {isa = PBXFileReference; fileEncoding = 4; lastKnownFileType = sourcecode.cpp.cpp; path = stepper.cpp; sourceTree = "<group>"; };
		D48F5A53172CB1FA00D0E055 /* text_parser.cpp */ = {isa = PBXFileReference; fileEncoding = 4; lastKnownFileType = sourcecode.cpp.cpp; path = text_parser.cpp; sourceTree = "<group>"; };
		D48F5A54172CB1FA00D0E055 /* util.cpp */ = {isa = PBXFileReference; fileEncoding = 4; lastKnownFileType = sourcecode.cpp.cpp; path = util.cpp; sourceTree = "<group>"; };
		D48F5A55172CB1FA00D0E055 /* xio.cpp */ = {isa = PBXFileReference; fileEncoding = 4; lastKnownFileType = sourcecode.cpp.cpp; path = xio.cpp; sourceTree = "<group>"; };
		D48F5A6C172CB21000D0E055 /* canonical_machine.h */ = {isa = PBXFileReference; fileEncoding = 4; lastKnownFileType = sourcecode.c.h; path = canonical_machine.h; sourceTree = "<group>"; };
		D48F5A6D172CB21100D0E055 /* config_app.h */ = {isa = PBXFileReference; fileEncoding = 4; lastKnownFileType = sourcecode.c.h; path = config_app.h; sourceTree = "<group>"; };
		D48F5A6E172CB21100D0E055 /* config.h */ = {isa = PBXFileReference; fileEncoding = 4; lastKnownFileType = sourcecode.c.h; path = config.h; sourceTree = "<group>"; };
		D48F5A6F172CB21100D0E055 /* controller.h */ = {isa = PBXFileReference; fileEncoding = 4; lastKnownFileType = sourcecode.c.h; path = controller.h; sourceTree = "<group>"; };
		D48F5A70172CB21100D0E055 /* gcode_parser.h */ = {isa = PBXFileReference; fileEncoding = 4; lastKnownFileType = sourcecode.c.h; path = gcode_parser.h; sourceTree = "<group>"; };
		D48F5A72172CB21100D0E055 /* hardware.h */ = {isa = PBXFileReference; fileEncoding = 4; lastKnownFileType = sourcecode.c.h; path = hardware.h; sourceTree = "<group>"; };
		D48F5A73172CB21100D0E055 /* help.h */ = {isa = PBXFileReference; fileEncoding = 4; lastKnownFileType = sourcecode.c.h; path = help.h; sourceTree = "<group>"; };
		D48F5A74172CB21100D0E055 /* json_parser.h */ = {isa = PBXFileReference; fileEncoding = 4; lastKnownFileType = sourcecode.c.h; path = json_parser.h; sourceTree = "<group>"; };
		D48F5A75172CB21100D0E055 /* kinematics.h */ = {isa = PBXFileReference; fileEncoding = 4; lastKnownFileType = sourcecode.c.h; path = kinematics.h; sourceTree = "<group>"; };
		D48F5A76172CB21100D0E055 /* persistence.h */ = {isa = PBXFileReference; fileEncoding = 4; lastKnownFileType = sourcecode.c.h; path = persistence.h; sourceTree = "<group>"; };
		D48F5A77172CB21100D0E055 /* plan_arc.h */ = {isa = PBXFileReference; fileEncoding = 4; lastKnownFileType = sourcecode.c.h; path = plan_arc.h; sourceTree = "<group>"; };
		D48F5A79172CB21100D0E055 /* planner.h */ = {isa = PBXFileReference; fileEncoding = 4; lastKnownFileType = sourcecode.c.h; path = planner.h; sourceTree = "<group>"; };
		D48F5A7A172CB21100D0E055 /* report.h */ = {isa = PBXFileReference; fileEncoding = 4; lastKnownFileType = sourcecode.c.h; path = report.h; sourceTree = "<group>"; };
		D48F5A7B172CB21100D0E055 /* settings.h */ = {isa = PBXFileReference; fileEncoding = 4; lastKnownFileType = sourcecode.c.h; path = settings.h; sourceTree = "<group>"; };
		D48F5A7C172CB21100D0E055 /* spindle.h */ = {isa = PBXFileReference; fileEncoding = 4; lastKnownFileType = sourcecode.c.h; path = spindle.h; sourceTree = "<group>"; };
		D48F5A7D172CB21100D0E055 /* stepper.h */ = {isa = PBXFileReference; fileEncoding = 4; lastKnownFileType = sourcecode.c.h; path = stepper.h; sourceTree = "<group>"; };
		D48F5A7E172CB21100D0E055 /* text_parser.h */ = {isa = PBXFileReference; fileEncoding = 4; lastKnownFileType = sourcecode.c.h; path = text_parser.h; sourceTree = "<group>"; };
		D48F5A7F172CB21100D0E055 /* tinyg2.h */ = {isa = PBXFileReference; fileEncoding = 4; lastKnownFileType = sourcecode.c.h; path = tinyg2.h; sourceTree = "<group>"; };
		D48F5A80172CB21100D0E055 /* util.h */ = {isa = PBXFileReference; fileEncoding = 4; lastKnownFileType = sourcecode.c.h; path = util.h; sourceTree = "<group>"; };
		D48F5A81172CB21100D0E055 /* xio.h */ = {isa = PBXFileReference; fileEncoding = 4; lastKnownFileType = sourcecode.c.h; path = xio.h; sourceTree = "<group>"; };
		D49367C21B824EA1000BB759 /* g2ref-a-pinout.h */ = {isa = PBXFileReference; fileEncoding = 4; lastKnownFileType = sourcecode.c.h; path = "g2ref-a-pinout.h"; sourceTree = "<group>"; };
		D49367C31B824EA1000BB759 /* motate_pin_assignments.h */ = {isa = PBXFileReference; fileEncoding = 4; lastKnownFileType = sourcecode.c.h; path = motate_pin_assignments.h; sourceTree = "<group>"; };
		D49367CA1B827706000BB759 /* g2ref.gdb */ = {isa = PBXFileReference; fileEncoding = 4; lastKnownFileType = text; path = g2ref.gdb; sourceTree = "<group>"; };
		D49367CB1B827706000BB759 /* g2ref.mk */ = {isa = PBXFileReference; fileEncoding = 4; lastKnownFileType = text; path = g2ref.mk; sourceTree = "<group>"; };
		D49367CC1B82C865000BB759 /* settings_Printrbot_Play.h */ = {isa = PBXFileReference; fileEncoding = 4; lastKnownFileType = sourcecode.c.h; path = settings_Printrbot_Play.h; sourceTree = "<group>"; };
		D49367CD1B82C8CD000BB759 /* settings_Printrbot_Plus.h */ = {isa = PBXFileReference; fileEncoding = 4; lastKnownFileType = sourcecode.c.h; path = settings_Printrbot_Plus.h; sourceTree = "<group>"; };
		D49367D21B82C990000BB759 /* G2v9.mk */ = {isa = PBXFileReference; fileEncoding = 4; lastKnownFileType = text; path = G2v9.mk; sourceTree = "<group>"; };
		D49367D71B87CA8A000BB759 /* temperature.cpp */ = {isa = PBXFileReference; fileEncoding = 4; lastKnownFileType = sourcecode.cpp.cpp; path = temperature.cpp; sourceTree = "<group>"; };
		D49367D81B87CA8A000BB759 /* temperature.h */ = {isa = PBXFileReference; fileEncoding = 4; lastKnownFileType = sourcecode.c.h; path = temperature.h; sourceTree = "<group>"; };
		D49367DB1B8E0AF1000BB759 /* error.h */ = {isa = PBXFileReference; fileEncoding = 4; lastKnownFileType = sourcecode.c.h; path = error.h; sourceTree = "<group>"; };
		D4B6579C18B5C1DE00F8616C /* plan_exec.cpp */ = {isa = PBXFileReference; fileEncoding = 4; lastKnownFileType = sourcecode.cpp.cpp; path = plan_exec.cpp; sourceTree = "<group>"; };
		D4B6579E18B5C21500F8616C /* cycle_jogging.cpp */ = {isa = PBXFileReference; fileEncoding = 4; lastKnownFileType = sourcecode.cpp.cpp; path = cycle_jogging.cpp; sourceTree = "<group>"; };
		D4B6579F18B5C21500F8616C /* cycle_probing.cpp */ = {isa = PBXFileReference; fileEncoding = 4; lastKnownFileType = sourcecode.cpp.cpp; path = cycle_probing.cpp; sourceTree = "<group>"; };
		D4B657A018B5C21500F8616C /* encoder.cpp */ = {isa = PBXFileReference; fileEncoding = 4; lastKnownFileType = sourcecode.cpp.cpp; path = encoder.cpp; sourceTree = "<group>"; };
		D4B657A118B5C21500F8616C /* encoder.h */ = {isa = PBXFileReference; fileEncoding = 4; lastKnownFileType = sourcecode.c.h; path = encoder.h; sourceTree = "<group>"; };
		D4B657A518B5C23C00F8616C /* pwm.cpp */ = {isa = PBXFileReference; fileEncoding = 4; lastKnownFileType = sourcecode.cpp.cpp; path = pwm.cpp; sourceTree = "<group>"; };
		D4B657A618B5C23C00F8616C /* pwm.h */ = {isa = PBXFileReference; fileEncoding = 4; lastKnownFileType = sourcecode.c.h; path = pwm.h; sourceTree = "<group>"; };
		D4B7325E19292858002861F1 /* settings_Ultimaker_Rob_v9h.h */ = {isa = PBXFileReference; fileEncoding = 4; lastKnownFileType = sourcecode.c.h; path = settings_Ultimaker_Rob_v9h.h; sourceTree = "<group>"; };
		D4B93DED1AA7681200632FAB /* settings_shapeoko375_dual.h */ = {isa = PBXFileReference; fileEncoding = 4; lastKnownFileType = sourcecode.c.h; path = settings_shapeoko375_dual.h; sourceTree = "<group>"; };
		D4B93DEE1AAA1F5F00632FAB /* settings_shopbot_sbv300.h */ = {isa = PBXFileReference; lastKnownFileType = sourcecode.c.h; path = settings_shopbot_sbv300.h; sourceTree = "<group>"; };
		D4B93DEF1AAA9DFE00632FAB /* gpio.cpp */ = {isa = PBXFileReference; fileEncoding = 4; lastKnownFileType = sourcecode.cpp.cpp; lineEnding = 0; path = gpio.cpp; sourceTree = "<group>"; xcLanguageSpecificationIdentifier = xcode.lang.cpp; };
		D4B93DF01AAA9DFE00632FAB /* gpio.h */ = {isa = PBXFileReference; fileEncoding = 4; lastKnownFileType = sourcecode.c.h; path = gpio.h; sourceTree = "<group>"; };
		D4C10A501A4397AD00B3F2EA /* openocd.cfg */ = {isa = PBXFileReference; fileEncoding = 4; lastKnownFileType = text; path = openocd.cfg; sourceTree = "<group>"; };
		D4D6453819BCAE3F0053705B /* plan_zoid.cpp */ = {isa = PBXFileReference; fileEncoding = 4; lastKnownFileType = sourcecode.cpp.cpp; path = plan_zoid.cpp; sourceTree = "<group>"; };
		D4E913611AC4759F0042A16C /* settings_shapeoko2.h */ = {isa = PBXFileReference; lastKnownFileType = sourcecode.c.h; path = settings_shapeoko2.h; sourceTree = "<group>"; };
		D4EB789B1B7BF2F70001B355 /* G2v9.gdb */ = {isa = PBXFileReference; fileEncoding = 4; lastKnownFileType = text; path = G2v9.gdb; sourceTree = "<group>"; };
		D4EC69F918CA2C1900DF8E4F /* settings_othermill.h */ = {isa = PBXFileReference; fileEncoding = 4; lastKnownFileType = sourcecode.c.h; path = settings_othermill.h; sourceTree = "<group>"; };
		D4EC69FB18CA2C1900DF8E4F /* settings_test.h */ = {isa = PBXFileReference; fileEncoding = 4; lastKnownFileType = sourcecode.c.h; path = settings_test.h; sourceTree = "<group>"; };
		D4FEBFF81B0A65E30042EA32 /* index */ = {isa = PBXFileReference; explicitFileType = "compiled.mach-o.executable"; includeInIndex = 0; path = index; sourceTree = BUILT_PRODUCTS_DIR; };
/* End PBXFileReference section */

/* Begin PBXFrameworksBuildPhase section */
		D457112117053BFB00EA19A8 /* Frameworks */ = {
			isa = PBXFrameworksBuildPhase;
			buildActionMask = 2147483647;
			files = (
			);
			runOnlyForDeploymentPostprocessing = 0;
		};
/* End PBXFrameworksBuildPhase section */

/* Begin PBXGroup section */
		D40A240D1AD5B7C200406A3A /* board */ = {
			isa = PBXGroup;
			children = (
				D40A241C1AD5B9A600406A3A /* ArduinoDue */,
				D40A24201AD5B9A600406A3A /* ArduinoDue.gdb */,
				D40A24211AD5B9A600406A3A /* ArduinoDue.mk */,
				D40A24121AD5B7C200406A3A /* sbv300 */,
				D49367C11B824EA1000BB759 /* g2ref */,
				D49367CA1B827706000BB759 /* g2ref.gdb */,
				D49367CB1B827706000BB759 /* g2ref.mk */,
				D4522DC31C455F660086AAE6 /* pboard */,
				D4522DC61C455F660086AAE6 /* pboard.gdb */,
				D4522DC71C455F660086AAE6 /* pboard.mk */,
				D43C7AE71B155D0A007440D6 /* G2v9 */,
				D4EB789B1B7BF2F70001B355 /* G2v9.gdb */,
				D49367D21B82C990000BB759 /* G2v9.mk */,
			);
			path = board;
			sourceTree = "<group>";
		};
		D40A24121AD5B7C200406A3A /* sbv300 */ = {
			isa = PBXGroup;
			children = (
				D40A24141AD5B7C200406A3A /* sbv300-pinout.h */,
				D40A24131AD5B7C200406A3A /* motate_pin_assignments.h */,
			);
			path = sbv300;
			sourceTree = "<group>";
		};
		D40A241C1AD5B9A600406A3A /* ArduinoDue */ = {
			isa = PBXGroup;
			children = (
				D40A241D1AD5B9A600406A3A /* gShield-pinout.h */,
				D40A241F1AD5B9A600406A3A /* shopbotShield-pinout.h */,
				D40A241E1AD5B9A600406A3A /* motate_pin_assignments.h */,
			);
			path = ArduinoDue;
			sourceTree = "<group>";
		};
		D41D13F617374B7D00D522D9 /* settings */ = {
			isa = PBXGroup;
			children = (
				D41D13F717374B7D00D522D9 /* settings_default.h */,
				D4EC69F918CA2C1900DF8E4F /* settings_othermill.h */,
				D49367CD1B82C8CD000BB759 /* settings_Printrbot_Plus.h */,
				D49367CC1B82C865000BB759 /* settings_Printrbot_Play.h */,
				D41D13FD17374B7D00D522D9 /* settings_probotixV90.h */,
				D4E913611AC4759F0042A16C /* settings_shapeoko2.h */,
				D4B93DED1AA7681200632FAB /* settings_shapeoko375_dual.h */,
				D4B93DEE1AAA1F5F00632FAB /* settings_shopbot_sbv300.h */,
				D4EC69FB18CA2C1900DF8E4F /* settings_test.h */,
				D41D13FF17374B7D00D522D9 /* settings_Ultimaker.h */,
				D4B7325E19292858002861F1 /* settings_Ultimaker_Rob_v9h.h */,
				D41D140017374B7D00D522D9 /* settings_zen7x12.h */,
			);
			path = settings;
			sourceTree = "<group>";
		};
		D4522DC31C455F660086AAE6 /* pboard */ = {
			isa = PBXGroup;
			children = (
				D4522DC41C455F660086AAE6 /* motate_pin_assignments.h */,
				D4522DC51C455F660086AAE6 /* pboard-a-pinout.h */,
			);
			path = pboard;
			sourceTree = "<group>";
		};
		D45710B7170532AC00EA19A8 = {
			isa = PBXGroup;
			children = (
				D457117B17053EFA00EA19A8 /* Makefile */,
				D4C10A501A4397AD00B3F2EA /* openocd.cfg */,
				D48F5A4B172CB1FA00D0E055 /* main.cpp */,
				D48F5A40172CB1F900D0E055 /* canonical_machine.cpp */,
				D48F5A6C172CB21000D0E055 /* canonical_machine.h */,
				D48F5A42172CB1F900D0E055 /* config.cpp */,
				D48F5A6E172CB21100D0E055 /* config.h */,
				D48F5A41172CB1F900D0E055 /* config_app.cpp */,
				D48F5A6D172CB21100D0E055 /* config_app.h */,
				D48F5A43172CB1F900D0E055 /* controller.cpp */,
				D48F5A6F172CB21100D0E055 /* controller.h */,
				D48F5A44172CB1F900D0E055 /* cycle_homing.cpp */,
				D4B6579E18B5C21500F8616C /* cycle_jogging.cpp */,
				D4B6579F18B5C21500F8616C /* cycle_probing.cpp */,
				D4B657A018B5C21500F8616C /* encoder.cpp */,
				D4B657A118B5C21500F8616C /* encoder.h */,
				D49367DB1B8E0AF1000BB759 /* error.h */,
				D48F5A45172CB1F900D0E055 /* gcode_parser.cpp */,
				D48F5A70172CB21100D0E055 /* gcode_parser.h */,
				D4B93DEF1AAA9DFE00632FAB /* gpio.cpp */,
				D4B93DF01AAA9DFE00632FAB /* gpio.h */,
				D48F5A47172CB1F900D0E055 /* hardware.cpp */,
				D48F5A72172CB21100D0E055 /* hardware.h */,
				D48F5A48172CB1FA00D0E055 /* help.cpp */,
				D48F5A73172CB21100D0E055 /* help.h */,
				D48F5A49172CB1FA00D0E055 /* json_parser.cpp */,
				D48F5A74172CB21100D0E055 /* json_parser.h */,
				D48F5A4A172CB1FA00D0E055 /* kinematics.cpp */,
				D48F5A75172CB21100D0E055 /* kinematics.h */,
				D48F5A4C172CB1FA00D0E055 /* persistence.cpp */,
				D48F5A76172CB21100D0E055 /* persistence.h */,
				D48F5A4D172CB1FA00D0E055 /* plan_arc.cpp */,
				D48F5A77172CB21100D0E055 /* plan_arc.h */,
				D4B6579C18B5C1DE00F8616C /* plan_exec.cpp */,
				D48F5A4E172CB1FA00D0E055 /* plan_line.cpp */,
				D4D6453819BCAE3F0053705B /* plan_zoid.cpp */,
				D48F5A4F172CB1FA00D0E055 /* planner.cpp */,
				D48F5A79172CB21100D0E055 /* planner.h */,
				D4B657A518B5C23C00F8616C /* pwm.cpp */,
				D4B657A618B5C23C00F8616C /* pwm.h */,
				D48F5A50172CB1FA00D0E055 /* report.cpp */,
				D48F5A7A172CB21100D0E055 /* report.h */,
				D48F5A7B172CB21100D0E055 /* settings.h */,
				D48F5A51172CB1FA00D0E055 /* spindle.cpp */,
				D48F5A7C172CB21100D0E055 /* spindle.h */,
				D48F5A52172CB1FA00D0E055 /* stepper.cpp */,
				D48F5A7D172CB21100D0E055 /* stepper.h */,
				D49367D71B87CA8A000BB759 /* temperature.cpp */,
				D49367D81B87CA8A000BB759 /* temperature.h */,
				D48F5A53172CB1FA00D0E055 /* text_parser.cpp */,
				D48F5A7E172CB21100D0E055 /* text_parser.h */,
				D48F5A7F172CB21100D0E055 /* tinyg2.h */,
				D48F5A54172CB1FA00D0E055 /* util.cpp */,
				D48F5A80172CB21100D0E055 /* util.h */,
				D48F5A55172CB1FA00D0E055 /* xio.cpp */,
				D48F5A81172CB21100D0E055 /* xio.h */,
				D40A240D1AD5B7C200406A3A /* board */,
				D41D13F617374B7D00D522D9 /* settings */,
				D4FEBFF81B0A65E30042EA32 /* index */,
			);
			sourceTree = "<group>";
		};
		D49367C11B824EA1000BB759 /* g2ref */ = {
			isa = PBXGroup;
			children = (
				D49367C21B824EA1000BB759 /* g2ref-a-pinout.h */,
				D49367C31B824EA1000BB759 /* motate_pin_assignments.h */,
			);
			path = g2ref;
			sourceTree = "<group>";
		};
/* End PBXGroup section */

/* Begin PBXLegacyTarget section */
		D43C7AE31B155C33007440D6 /* TinyG2 G2V9k */ = {
			isa = PBXLegacyTarget;
			buildArgumentsString = "$(ACTION) VERBOSE=1 COLOR=0 OPTIMIZATION=s BOARD=G2v9k";
			buildConfigurationList = D43C7AE41B155C33007440D6 /* Build configuration list for PBXLegacyTarget "TinyG2 G2V9k" */;
			buildPhases = (
			);
			buildToolPath = /usr/bin/make;
			buildWorkingDirectory = .;
			dependencies = (
			);
			name = "TinyG2 G2V9k";
			passBuildSettingsInEnvironment = 1;
			productName = g3_due;
		};
		D4522DBD1C4558C70086AAE6 /* TinyG pBoard PrintrbotPlus */ = {
			isa = PBXLegacyTarget;
			buildArgumentsString = "$(ACTION) VERBOSE=1 COLOR=0 CONFIG=PrintrbotPlus BOARD=pboard-a DEBUG=2";
			buildConfigurationList = D4522DBE1C4558C70086AAE6 /* Build configuration list for PBXLegacyTarget "TinyG pBoard PrintrbotPlus" */;
			buildPhases = (
			);
			buildToolPath = /usr/bin/make;
			buildWorkingDirectory = .;
			dependencies = (
			);
			name = "TinyG pBoard PrintrbotPlus";
			passBuildSettingsInEnvironment = 1;
			productName = g3_due;
		};
		D45710C21705330C00EA19A8 /* TinyG2 gShield */ = {
			isa = PBXLegacyTarget;
			buildArgumentsString = "$(ACTION) VERBOSE=1 COLOR=0 OPTIMIZATION=s BOARD=gShield";
			buildConfigurationList = D45710C31705330D00EA19A8 /* Build configuration list for PBXLegacyTarget "TinyG2 gShield" */;
			buildPhases = (
			);
			buildToolPath = /usr/bin/make;
			buildWorkingDirectory = .;
			dependencies = (
			);
			name = "TinyG2 gShield";
			passBuildSettingsInEnvironment = 1;
			productName = g3_due;
		};
		D49367C61B827608000BB759 /* TinyG g2ref-a */ = {
			isa = PBXLegacyTarget;
			buildArgumentsString = "$(ACTION) VERBOSE=1 COLOR=0 BOARD=g2ref-a";
			buildConfigurationList = D49367C71B827608000BB759 /* Build configuration list for PBXLegacyTarget "TinyG g2ref-a" */;
			buildPhases = (
			);
			buildToolPath = /usr/bin/make;
			buildWorkingDirectory = .;
			dependencies = (
			);
			name = "TinyG g2ref-a";
			passBuildSettingsInEnvironment = 1;
			productName = g3_due;
		};
		D49367CE1B82C8D2000BB759 /* TinyG G2Ref PrintrbotPlus */ = {
			isa = PBXLegacyTarget;
			buildArgumentsString = "$(ACTION) VERBOSE=1 COLOR=0 BOARD=g2ref-a CONFIG=PrintrbotPlus DEBUG=2";
			buildConfigurationList = D49367CF1B82C8D2000BB759 /* Build configuration list for PBXLegacyTarget "TinyG G2Ref PrintrbotPlus" */;
			buildPhases = (
			);
			buildToolPath = /usr/bin/make;
			buildWorkingDirectory = .;
			dependencies = (
			);
			name = "TinyG G2Ref PrintrbotPlus";
			passBuildSettingsInEnvironment = 1;
			productName = g3_due;
		};
		D4B485B21AB1F3CB00C6614F /* TinyG2 V9 Shapeoko Dual-Y */ = {
			isa = PBXLegacyTarget;
			buildArgumentsString = "$(ACTION) VERBOSE=1 COLOR=0 BOARD=ShapeokoDualY";
			buildConfigurationList = D4B485B31AB1F3CB00C6614F /* Build configuration list for PBXLegacyTarget "TinyG2 V9 Shapeoko Dual-Y" */;
			buildPhases = (
			);
			buildToolPath = /usr/bin/make;
			buildWorkingDirectory = .;
			dependencies = (
			);
			name = "TinyG2 V9 Shapeoko Dual-Y";
			passBuildSettingsInEnvironment = 1;
			productName = g3_due;
		};
		D4CBBAD01A0D51FE00150DE2 /* TinyG2 G2Ultimaker */ = {
			isa = PBXLegacyTarget;
			buildArgumentsString = "$(ACTION) VERBOSE=1 COLOR=0 OPTIMIZATION=s BOARD=UltimakerTests";
			buildConfigurationList = D4CBBAD11A0D51FE00150DE2 /* Build configuration list for PBXLegacyTarget "TinyG2 G2Ultimaker" */;
			buildPhases = (
			);
			buildToolPath = /usr/bin/make;
			buildWorkingDirectory = .;
			dependencies = (
			);
			name = "TinyG2 G2Ultimaker";
			passBuildSettingsInEnvironment = 1;
			productName = g3_due;
		};
		D4E9135D1AC46B8B0042A16C /* TinyG2 gShield Debugger */ = {
			isa = PBXLegacyTarget;
			buildArgumentsString = "$(ACTION) VERBOSE=1 COLOR=0 OPTIMIZATION=s BOARD=gShield DEBUG=2";
			buildConfigurationList = D4E9135E1AC46B8B0042A16C /* Build configuration list for PBXLegacyTarget "TinyG2 gShield Debugger" */;
			buildPhases = (
			);
			buildToolPath = /usr/bin/make;
			buildWorkingDirectory = .;
			dependencies = (
			);
			name = "TinyG2 gShield Debugger";
			passBuildSettingsInEnvironment = 1;
			productName = g3_due;
		};
/* End PBXLegacyTarget section */

/* Begin PBXNativeTarget section */
		D457112317053BFB00EA19A8 /* index */ = {
			isa = PBXNativeTarget;
			buildConfigurationList = D457112D17053BFB00EA19A8 /* Build configuration list for PBXNativeTarget "index" */;
			buildPhases = (
				D457112017053BFB00EA19A8 /* Sources */,
				D457112117053BFB00EA19A8 /* Frameworks */,
				D457112217053BFB00EA19A8 /* CopyFiles */,
			);
			buildRules = (
			);
			dependencies = (
			);
			name = index;
			productName = index;
			productReference = D4FEBFF81B0A65E30042EA32 /* index */;
			productType = "com.apple.product-type.tool";
		};
/* End PBXNativeTarget section */

/* Begin PBXProject section */
		D45710B8170532AC00EA19A8 /* Project object */ = {
			isa = PBXProject;
			attributes = {
				LastUpgradeCheck = 0720;
				ORGANIZATIONNAME = "Rob Giseburt";
			};
			buildConfigurationList = D45710BB170532AC00EA19A8 /* Build configuration list for PBXProject "TinyG2" */;
			compatibilityVersion = "Xcode 3.2";
			developmentRegion = English;
			hasScannedForEncodings = 0;
			knownRegions = (
				en,
			);
			mainGroup = D45710B7170532AC00EA19A8;
			productRefGroup = D45710B7170532AC00EA19A8;
			projectDirPath = "";
			projectRoot = "";
			targets = (
				D45710C21705330C00EA19A8 /* TinyG2 gShield */,
				D4E9135D1AC46B8B0042A16C /* TinyG2 gShield Debugger */,
				D49367C61B827608000BB759 /* TinyG g2ref-a */,
				D43C7AE31B155C33007440D6 /* TinyG2 G2V9k */,
				D4CBBAD01A0D51FE00150DE2 /* TinyG2 G2Ultimaker */,
				D4B485B21AB1F3CB00C6614F /* TinyG2 V9 Shapeoko Dual-Y */,
				D49367CE1B82C8D2000BB759 /* TinyG G2Ref PrintrbotPlus */,
				D4522DBD1C4558C70086AAE6 /* TinyG pBoard PrintrbotPlus */,
				D457112317053BFB00EA19A8 /* index */,
			);
		};
/* End PBXProject section */

/* Begin PBXSourcesBuildPhase section */
		D457112017053BFB00EA19A8 /* Sources */ = {
			isa = PBXSourcesBuildPhase;
			buildActionMask = 2147483647;
			files = (
				D4B93DF11AAA9DFE00632FAB /* gpio.cpp in Sources */,
				D4B485B61AB1FBC900C6614F /* gpio.h in Sources */,
				D457117C17053EFA00EA19A8 /* Makefile in Sources */,
				D4B657A718B5C23C00F8616C /* pwm.cpp in Sources */,
				D4B657A318B5C21600F8616C /* cycle_probing.cpp in Sources */,
				D4D6453919BCAE3F0053705B /* plan_zoid.cpp in Sources */,
				D4B657A218B5C21600F8616C /* cycle_jogging.cpp in Sources */,
				D4B657A418B5C21600F8616C /* encoder.cpp in Sources */,
				D4B6579D18B5C1DE00F8616C /* plan_exec.cpp in Sources */,
				D48F5A56172CB1FA00D0E055 /* canonical_machine.cpp in Sources */,
				D48F5A57172CB1FA00D0E055 /* config_app.cpp in Sources */,
				D48F5A58172CB1FA00D0E055 /* config.cpp in Sources */,
				D49367D91B87CA8A000BB759 /* temperature.cpp in Sources */,
				D48F5A59172CB1FA00D0E055 /* controller.cpp in Sources */,
				D48F5A5A172CB1FA00D0E055 /* cycle_homing.cpp in Sources */,
				D48F5A5B172CB1FA00D0E055 /* gcode_parser.cpp in Sources */,
				D48F5A5D172CB1FA00D0E055 /* hardware.cpp in Sources */,
				D48F5A5E172CB1FA00D0E055 /* help.cpp in Sources */,
				D48F5A5F172CB1FA00D0E055 /* json_parser.cpp in Sources */,
				D48F5A60172CB1FA00D0E055 /* kinematics.cpp in Sources */,
				D48F5A61172CB1FA00D0E055 /* main.cpp in Sources */,
				D48F5A62172CB1FA00D0E055 /* persistence.cpp in Sources */,
				D48F5A63172CB1FA00D0E055 /* plan_arc.cpp in Sources */,
				D48F5A64172CB1FA00D0E055 /* plan_line.cpp in Sources */,
				D48F5A65172CB1FA00D0E055 /* planner.cpp in Sources */,
				D48F5A66172CB1FA00D0E055 /* report.cpp in Sources */,
				D48F5A67172CB1FA00D0E055 /* spindle.cpp in Sources */,
				D48F5A68172CB1FA00D0E055 /* stepper.cpp in Sources */,
				D48F5A69172CB1FA00D0E055 /* text_parser.cpp in Sources */,
				D48F5A6A172CB1FA00D0E055 /* util.cpp in Sources */,
				D48F5A6B172CB1FA00D0E055 /* xio.cpp in Sources */,
			);
			runOnlyForDeploymentPostprocessing = 0;
		};
/* End PBXSourcesBuildPhase section */

/* Begin XCBuildConfiguration section */
		D43C7AE51B155C33007440D6 /* Debug */ = {
			isa = XCBuildConfiguration;
			buildSettings = {
				PATH = "$PATH:/usr/local/gcc-arm-none-eabi/bin";
				PRODUCT_NAME = "TinyG2 G2V9k";
			};
			name = Debug;
		};
		D43C7AE61B155C33007440D6 /* Release */ = {
			isa = XCBuildConfiguration;
			buildSettings = {
				PATH = "$PATH:/usr/local/gcc-arm-none-eabi/bin";
				PRODUCT_NAME = "TinyG2 G2V9k";
			};
			name = Release;
		};
		D4522DBF1C4558C70086AAE6 /* Debug */ = {
			isa = XCBuildConfiguration;
			buildSettings = {
				PATH = "$PATH:/usr/local/gcc-arm-none-eabi/bin";
				PRODUCT_NAME = "$(TARGET_NAME)";
			};
			name = Debug;
		};
		D4522DC01C4558C70086AAE6 /* Release */ = {
			isa = XCBuildConfiguration;
			buildSettings = {
				PATH = "$PATH:/usr/local/gcc-arm-none-eabi/bin";
				PRODUCT_NAME = "$(TARGET_NAME)";
			};
			name = Release;
		};
		D45710BD170532AC00EA19A8 /* Debug */ = {
			isa = XCBuildConfiguration;
			buildSettings = {
				ENABLE_TESTABILITY = YES;
				ONLY_ACTIVE_ARCH = YES;
			};
			name = Debug;
		};
		D45710BE170532AC00EA19A8 /* Release */ = {
			isa = XCBuildConfiguration;
			buildSettings = {
			};
			name = Release;
		};
		D45710C41705330D00EA19A8 /* Debug */ = {
			isa = XCBuildConfiguration;
			buildSettings = {
				BOARD = ArduinoDue;
				PATH = "$PATH:/usr/local/gcc-arm-none-eabi/bin";
				PLATFORM = atmel_sam;
				PRODUCT_NAME = bin/SAM3X8E/TinyG2_SAM3X8E_flash.elf;
			};
			name = Debug;
		};
		D45710C51705330D00EA19A8 /* Release */ = {
			isa = XCBuildConfiguration;
			buildSettings = {
				BOARD = ArduinoDue;
				PATH = "$PATH:/usr/local/gcc-arm-none-eabi/bin";
				PLATFORM = atmel_sam;
				PRODUCT_NAME = bin/SAM3X8E/TinyG2_SAM3X8E_flash.elf;
			};
			name = Release;
		};
		D457112B17053BFB00EA19A8 /* Debug */ = {
			isa = XCBuildConfiguration;
			buildSettings = {
				ALWAYS_SEARCH_USER_PATHS = NO;
				CLANG_CXX_LANGUAGE_STANDARD = "gnu++0x";
				CLANG_CXX_LIBRARY = "libc++";
				CLANG_WARN_CONSTANT_CONVERSION = YES;
				CLANG_WARN_EMPTY_BODY = YES;
				CLANG_WARN_ENUM_CONVERSION = YES;
				CLANG_WARN_INT_CONVERSION = YES;
				CLANG_WARN__DUPLICATE_METHOD_MATCH = YES;
				COPY_PHASE_STRIP = NO;
				GCC_C_LANGUAGE_STANDARD = gnu99;
				GCC_DYNAMIC_NO_PIC = NO;
				GCC_ENABLE_OBJC_EXCEPTIONS = YES;
				GCC_OPTIMIZATION_LEVEL = 0;
				GCC_PREPROCESSOR_DEFINITIONS = (
					"DEBUG=1",
					"$(inherited)",
				);
				GCC_SYMBOLS_PRIVATE_EXTERN = NO;
				GCC_WARN_64_TO_32_BIT_CONVERSION = YES;
				GCC_WARN_ABOUT_RETURN_TYPE = YES;
				GCC_WARN_UNINITIALIZED_AUTOS = YES;
				GCC_WARN_UNUSED_VARIABLE = YES;
				LIBRARY_SEARCH_PATHS = (
					"$(inherited)",
					"\"$(SRCROOT)/board/$(BOARD)/\"",
					"\"$(SRCROOT)/../Motate/MotateProject/Motate/motate/board/$(BOARD)/\"",
					"\"$(SRCROOT)/../Motate/MotateProject/Motate/motate/platform/$(PLATFORM)/\"",
				);
				MACOSX_DEPLOYMENT_TARGET = 10.8;
				ONLY_ACTIVE_ARCH = YES;
				OTHER_CFLAGS = (
					"-D__SAM3X8E__",
					"-Imotate",
					"-DXCODE_INDEX",
				);
				PRODUCT_NAME = "$(TARGET_NAME)";
				SDKROOT = macosx;
			};
			name = Debug;
		};
		D457112C17053BFB00EA19A8 /* Release */ = {
			isa = XCBuildConfiguration;
			buildSettings = {
				ALWAYS_SEARCH_USER_PATHS = NO;
				CLANG_CXX_LANGUAGE_STANDARD = "gnu++0x";
				CLANG_CXX_LIBRARY = "libc++";
				CLANG_WARN_CONSTANT_CONVERSION = YES;
				CLANG_WARN_EMPTY_BODY = YES;
				CLANG_WARN_ENUM_CONVERSION = YES;
				CLANG_WARN_INT_CONVERSION = YES;
				CLANG_WARN__DUPLICATE_METHOD_MATCH = YES;
				COPY_PHASE_STRIP = YES;
				DEBUG_INFORMATION_FORMAT = "dwarf-with-dsym";
				GCC_C_LANGUAGE_STANDARD = gnu99;
				GCC_ENABLE_OBJC_EXCEPTIONS = YES;
				GCC_WARN_64_TO_32_BIT_CONVERSION = YES;
				GCC_WARN_ABOUT_RETURN_TYPE = YES;
				GCC_WARN_UNINITIALIZED_AUTOS = YES;
				GCC_WARN_UNUSED_VARIABLE = YES;
				LIBRARY_SEARCH_PATHS = (
					"$(inherited)",
					"\"$(SRCROOT)/board/$(BOARD)/\"",
					"\"$(SRCROOT)/../Motate/MotateProject/Motate/motate/board/$(BOARD)/\"",
					"\"$(SRCROOT)/../Motate/MotateProject/Motate/motate/platform/$(PLATFORM)/\"",
				);
				MACOSX_DEPLOYMENT_TARGET = 10.8;
				OTHER_CFLAGS = (
					"-D__SAM3X8E__",
					"-Imotate",
					"-DXCODE_INDEX",
				);
				PRODUCT_NAME = "$(TARGET_NAME)";
				SDKROOT = macosx;
			};
			name = Release;
		};
		D49367C81B827608000BB759 /* Debug */ = {
			isa = XCBuildConfiguration;
			buildSettings = {
				PATH = "$PATH:/usr/local/gcc-arm-none-eabi/bin";
				PRODUCT_NAME = "TinyG2 g2ref";
			};
			name = Debug;
		};
		D49367C91B827608000BB759 /* Release */ = {
			isa = XCBuildConfiguration;
			buildSettings = {
				PATH = "$PATH:/usr/local/gcc-arm-none-eabi/bin";
				PRODUCT_NAME = "TinyG2 g2ref";
			};
			name = Release;
		};
		D49367D01B82C8D2000BB759 /* Debug */ = {
			isa = XCBuildConfiguration;
			buildSettings = {
				PATH = "$PATH:/usr/local/gcc-arm-none-eabi/bin";
				PRODUCT_NAME = "TinyG G2Ref PrintrbotPlus";
			};
			name = Debug;
		};
		D49367D11B82C8D2000BB759 /* Release */ = {
			isa = XCBuildConfiguration;
			buildSettings = {
				PATH = "$PATH:/usr/local/gcc-arm-none-eabi/bin";
				PRODUCT_NAME = "TinyG G2Ref PrintrbotPlus";
			};
			name = Release;
		};
		D4B485B41AB1F3CB00C6614F /* Debug */ = {
			isa = XCBuildConfiguration;
			buildSettings = {
				PATH = "$PATH:/usr/local/gcc-arm-none-eabi/bin";
				PRODUCT_NAME = "TinyG2 V9 Shapeoko Dual-Y";
			};
			name = Debug;
		};
		D4B485B51AB1F3CB00C6614F /* Release */ = {
			isa = XCBuildConfiguration;
			buildSettings = {
				PATH = "$PATH:/usr/local/gcc-arm-none-eabi/bin";
				PRODUCT_NAME = "TinyG2 V9 Shapeoko Dual-Y";
			};
			name = Release;
		};
		D4CBBAD21A0D51FE00150DE2 /* Debug */ = {
			isa = XCBuildConfiguration;
			buildSettings = {
				PATH = "$PATH:/usr/local/gcc-arm-none-eabi/bin";
				PRODUCT_NAME = "TinyG2 gShield copy";
			};
			name = Debug;
		};
		D4CBBAD31A0D51FE00150DE2 /* Release */ = {
			isa = XCBuildConfiguration;
			buildSettings = {
				PATH = "$PATH:/usr/local/gcc-arm-none-eabi/bin";
				PRODUCT_NAME = "TinyG2 gShield copy";
			};
			name = Release;
		};
		D4E9135F1AC46B8B0042A16C /* Debug */ = {
			isa = XCBuildConfiguration;
			buildSettings = {
				PATH = "$PATH:/usr/local/gcc-arm-none-eabi/bin";
				PRODUCT_NAME = "TinyG2 gShield Debugger";
			};
			name = Debug;
		};
		D4E913601AC46B8B0042A16C /* Release */ = {
			isa = XCBuildConfiguration;
			buildSettings = {
				PATH = "$PATH:/usr/local/gcc-arm-none-eabi/bin";
				PRODUCT_NAME = "TinyG2 gShield Debugger";
			};
			name = Release;
		};
/* End XCBuildConfiguration section */

/* Begin XCConfigurationList section */
		D43C7AE41B155C33007440D6 /* Build configuration list for PBXLegacyTarget "TinyG2 G2V9k" */ = {
			isa = XCConfigurationList;
			buildConfigurations = (
				D43C7AE51B155C33007440D6 /* Debug */,
				D43C7AE61B155C33007440D6 /* Release */,
			);
			defaultConfigurationIsVisible = 0;
			defaultConfigurationName = Release;
		};
		D4522DBE1C4558C70086AAE6 /* Build configuration list for PBXLegacyTarget "TinyG pBoard PrintrbotPlus" */ = {
			isa = XCConfigurationList;
			buildConfigurations = (
				D4522DBF1C4558C70086AAE6 /* Debug */,
				D4522DC01C4558C70086AAE6 /* Release */,
			);
			defaultConfigurationIsVisible = 0;
			defaultConfigurationName = Release;
		};
		D45710BB170532AC00EA19A8 /* Build configuration list for PBXProject "TinyG2" */ = {
			isa = XCConfigurationList;
			buildConfigurations = (
				D45710BD170532AC00EA19A8 /* Debug */,
				D45710BE170532AC00EA19A8 /* Release */,
			);
			defaultConfigurationIsVisible = 0;
			defaultConfigurationName = Release;
		};
		D45710C31705330D00EA19A8 /* Build configuration list for PBXLegacyTarget "TinyG2 gShield" */ = {
			isa = XCConfigurationList;
			buildConfigurations = (
				D45710C41705330D00EA19A8 /* Debug */,
				D45710C51705330D00EA19A8 /* Release */,
			);
			defaultConfigurationIsVisible = 0;
			defaultConfigurationName = Release;
		};
		D457112D17053BFB00EA19A8 /* Build configuration list for PBXNativeTarget "index" */ = {
			isa = XCConfigurationList;
			buildConfigurations = (
				D457112B17053BFB00EA19A8 /* Debug */,
				D457112C17053BFB00EA19A8 /* Release */,
			);
			defaultConfigurationIsVisible = 0;
			defaultConfigurationName = Release;
		};
		D49367C71B827608000BB759 /* Build configuration list for PBXLegacyTarget "TinyG g2ref-a" */ = {
			isa = XCConfigurationList;
			buildConfigurations = (
				D49367C81B827608000BB759 /* Debug */,
				D49367C91B827608000BB759 /* Release */,
			);
			defaultConfigurationIsVisible = 0;
			defaultConfigurationName = Release;
		};
		D49367CF1B82C8D2000BB759 /* Build configuration list for PBXLegacyTarget "TinyG G2Ref PrintrbotPlus" */ = {
			isa = XCConfigurationList;
			buildConfigurations = (
				D49367D01B82C8D2000BB759 /* Debug */,
				D49367D11B82C8D2000BB759 /* Release */,
			);
			defaultConfigurationIsVisible = 0;
			defaultConfigurationName = Release;
		};
		D4B485B31AB1F3CB00C6614F /* Build configuration list for PBXLegacyTarget "TinyG2 V9 Shapeoko Dual-Y" */ = {
			isa = XCConfigurationList;
			buildConfigurations = (
				D4B485B41AB1F3CB00C6614F /* Debug */,
				D4B485B51AB1F3CB00C6614F /* Release */,
			);
			defaultConfigurationIsVisible = 0;
			defaultConfigurationName = Release;
		};
		D4CBBAD11A0D51FE00150DE2 /* Build configuration list for PBXLegacyTarget "TinyG2 G2Ultimaker" */ = {
			isa = XCConfigurationList;
			buildConfigurations = (
				D4CBBAD21A0D51FE00150DE2 /* Debug */,
				D4CBBAD31A0D51FE00150DE2 /* Release */,
			);
			defaultConfigurationIsVisible = 0;
			defaultConfigurationName = Release;
		};
		D4E9135E1AC46B8B0042A16C /* Build configuration list for PBXLegacyTarget "TinyG2 gShield Debugger" */ = {
			isa = XCConfigurationList;
			buildConfigurations = (
				D4E9135F1AC46B8B0042A16C /* Debug */,
				D4E913601AC46B8B0042A16C /* Release */,
			);
			defaultConfigurationIsVisible = 0;
			defaultConfigurationName = Release;
		};
/* End XCConfigurationList section */
	};
	rootObject = D45710B8170532AC00EA19A8 /* Project object */;
}
